
Microsoft Visual Studio Solution File, Format Version 12.00
# Visual Studio Version 17
VisualStudioVersion = 17.0.31903.59
MinimumVisualStudioVersion = 10.0.40219.1
Project("{FAE04EC0-301F-11D3-BF4B-00C04F79EFBC}") = "WebApi", "WebApi\WebApi.csproj", "{3BFB2BD4-50C5-4957-BE29-9D52C71C0950}"
EndProject
Project("{FAE04EC0-301F-11D3-BF4B-00C04F79EFBC}") = "Core", "Core\Core.csproj", "{4714ED2C-CC03-46A2-B2AB-9DF7F5FD3B3E}"
EndProject
Project("{FAE04EC0-301F-11D3-BF4B-00C04F79EFBC}") = "Infrastructure", "Infrastructure\Infrastructure.csproj", "{B6195264-EF9E-44A7-87A2-6EBE17224B36}"
EndProject
Global
	GlobalSection(SolutionConfigurationPlatforms) = preSolution
		Debug|Any CPU = Debug|Any CPU
		Release|Any CPU = Release|Any CPU
	EndGlobalSection
	GlobalSection(SolutionProperties) = preSolution
		HideSolutionNode = FALSE
	EndGlobalSection
	GlobalSection(ProjectConfigurationPlatforms) = postSolution
		{3BFB2BD4-50C5-4957-BE29-9D52C71C0950}.Debug|Any CPU.ActiveCfg = Debug|Any CPU
		{3BFB2BD4-50C5-4957-BE29-9D52C71C0950}.Debug|Any CPU.Build.0 = Debug|Any CPU
		{3BFB2BD4-50C5-4957-BE29-9D52C71C0950}.Release|Any CPU.ActiveCfg = Release|Any CPU
		{3BFB2BD4-50C5-4957-BE29-9D52C71C0950}.Release|Any CPU.Build.0 = Release|Any CPU
		{4714ED2C-CC03-46A2-B2AB-9DF7F5FD3B3E}.Debug|Any CPU.ActiveCfg = Debug|Any CPU
		{4714ED2C-CC03-46A2-B2AB-9DF7F5FD3B3E}.Debug|Any CPU.Build.0 = Debug|Any CPU
		{4714ED2C-CC03-46A2-B2AB-9DF7F5FD3B3E}.Release|Any CPU.ActiveCfg = Release|Any CPU
		{4714ED2C-CC03-46A2-B2AB-9DF7F5FD3B3E}.Release|Any CPU.Build.0 = Release|Any CPU
		{B6195264-EF9E-44A7-87A2-6EBE17224B36}.Debug|Any CPU.ActiveCfg = Debug|Any CPU
		{B6195264-EF9E-44A7-87A2-6EBE17224B36}.Debug|Any CPU.Build.0 = Debug|Any CPU
		{B6195264-EF9E-44A7-87A2-6EBE17224B36}.Release|Any CPU.ActiveCfg = Release|Any CPU
		{B6195264-EF9E-44A7-87A2-6EBE17224B36}.Release|Any CPU.Build.0 = Release|Any CPU
	EndGlobalSection
EndGlobal
